
Microsoft Visual Studio Solution File, Format Version 12.00
# Visual Studio 14
VisualStudioVersion = 14.0.25420.1
MinimumVisualStudioVersion = 10.0.40219.1
Project("{FAE04EC0-301F-11D3-BF4B-00C04F79EFBC}") = "Porcentajes", "Tareas\Porcentajes.csproj", "{531AB132-A3A1-465C-9F02-99A9ED375B82}"
EndProject
Project("{FAE04EC0-301F-11D3-BF4B-00C04F79EFBC}") = "Intereses", "Intereses\Intereses.csproj", "{838E217F-7FD7-42F8-926B-F8AD23A9153B}"
EndProject
Project("{FAE04EC0-301F-11D3-BF4B-00C04F79EFBC}") = "AreasFiguras", "AreasFiguras\AreasFiguras.csproj", "{13E6EA1F-A6F3-486A-89F3-5CE3E4884BB2}"
EndProject
Project("{FAE04EC0-301F-11D3-BF4B-00C04F79EFBC}") = "Descuento", "Descuento\Descuento.csproj", "{B3150445-3FEE-4377-B1E9-7A0CC96488E8}"
EndProject
Global
	GlobalSection(SolutionConfigurationPlatforms) = preSolution
		Debug|Any CPU = Debug|Any CPU
		Release|Any CPU = Release|Any CPU
	EndGlobalSection
	GlobalSection(ProjectConfigurationPlatforms) = postSolution
		{531AB132-A3A1-465C-9F02-99A9ED375B82}.Debug|Any CPU.ActiveCfg = Debug|Any CPU
		{531AB132-A3A1-465C-9F02-99A9ED375B82}.Debug|Any CPU.Build.0 = Debug|Any CPU
		{531AB132-A3A1-465C-9F02-99A9ED375B82}.Release|Any CPU.ActiveCfg = Release|Any CPU
		{531AB132-A3A1-465C-9F02-99A9ED375B82}.Release|Any CPU.Build.0 = Release|Any CPU
		{838E217F-7FD7-42F8-926B-F8AD23A9153B}.Debug|Any CPU.ActiveCfg = Debug|Any CPU
		{838E217F-7FD7-42F8-926B-F8AD23A9153B}.Debug|Any CPU.Build.0 = Debug|Any CPU
		{838E217F-7FD7-42F8-926B-F8AD23A9153B}.Release|Any CPU.ActiveCfg = Release|Any CPU
		{838E217F-7FD7-42F8-926B-F8AD23A9153B}.Release|Any CPU.Build.0 = Release|Any CPU
		{13E6EA1F-A6F3-486A-89F3-5CE3E4884BB2}.Debug|Any CPU.ActiveCfg = Debug|Any CPU
		{13E6EA1F-A6F3-486A-89F3-5CE3E4884BB2}.Debug|Any CPU.Build.0 = Debug|Any CPU
		{13E6EA1F-A6F3-486A-89F3-5CE3E4884BB2}.Release|Any CPU.ActiveCfg = Release|Any CPU
		{13E6EA1F-A6F3-486A-89F3-5CE3E4884BB2}.Release|Any CPU.Build.0 = Release|Any CPU
		{B3150445-3FEE-4377-B1E9-7A0CC96488E8}.Debug|Any CPU.ActiveCfg = Debug|Any CPU
		{B3150445-3FEE-4377-B1E9-7A0CC96488E8}.Debug|Any CPU.Build.0 = Debug|Any CPU
		{B3150445-3FEE-4377-B1E9-7A0CC96488E8}.Release|Any CPU.ActiveCfg = Release|Any CPU
		{B3150445-3FEE-4377-B1E9-7A0CC96488E8}.Release|Any CPU.Build.0 = Release|Any CPU
	EndGlobalSection
	GlobalSection(SolutionProperties) = preSolution
		HideSolutionNode = FALSE
	EndGlobalSection
EndGlobal
